{
  "name": "armoghan-blogs",
  "version": "1.0.0",
  "lockfileVersion": 3,
  "requires": true,
  "packages": {
    "": {
      "name": "armoghan-blogs",
      "version": "1.0.0",
      "license": "MIT",
      "engines": {
        "go": ">=1.22.9",
        "hugo": ">=0.125.4",
        "node": ">=20.15.1",
        "npm": ">=10.8.0"
      }
    }
  }
}
